
Microsoft Visual Studio Solution File, Format Version 12.00
# Visual Studio 14
VisualStudioVersion = 14.0.25420.1
MinimumVisualStudioVersion = 10.0.40219.1
Project("{FAE04EC0-301F-11D3-BF4B-00C04F79EFBC}") = "SlidingWindowAverage", "SlidingWindowAverage\SlidingWindowAverage.csproj", "{4CAF4CDD-6442-4ACA-A14F-2EC16C352A01}"
EndProject
Project("{FAE04EC0-301F-11D3-BF4B-00C04F79EFBC}") = "SlidingWindowTest", "SlidingWindowTest\SlidingWindowTest.csproj", "{D127CCF2-E4A6-4BAC-BC41-DC073B57BF1C}"
EndProject
Global
	GlobalSection(SolutionConfigurationPlatforms) = preSolution
		Debug|Any CPU = Debug|Any CPU
		Release|Any CPU = Release|Any CPU
	EndGlobalSection
	GlobalSection(ProjectConfigurationPlatforms) = postSolution
		{4CAF4CDD-6442-4ACA-A14F-2EC16C352A01}.Debug|Any CPU.ActiveCfg = Debug|Any CPU
		{4CAF4CDD-6442-4ACA-A14F-2EC16C352A01}.Debug|Any CPU.Build.0 = Debug|Any CPU
		{4CAF4CDD-6442-4ACA-A14F-2EC16C352A01}.Release|Any CPU.ActiveCfg = Release|Any CPU
		{4CAF4CDD-6442-4ACA-A14F-2EC16C352A01}.Release|Any CPU.Build.0 = Release|Any CPU
		{D127CCF2-E4A6-4BAC-BC41-DC073B57BF1C}.Debug|Any CPU.ActiveCfg = Debug|Any CPU
		{D127CCF2-E4A6-4BAC-BC41-DC073B57BF1C}.Debug|Any CPU.Build.0 = Debug|Any CPU
		{D127CCF2-E4A6-4BAC-BC41-DC073B57BF1C}.Release|Any CPU.ActiveCfg = Release|Any CPU
		{D127CCF2-E4A6-4BAC-BC41-DC073B57BF1C}.Release|Any CPU.Build.0 = Release|Any CPU
	EndGlobalSection
	GlobalSection(SolutionProperties) = preSolution
		HideSolutionNode = FALSE
	EndGlobalSection
EndGlobal
