
Microsoft Visual Studio Solution File, Format Version 12.00
# Visual Studio 14
VisualStudioVersion = 14.0.25420.1
MinimumVisualStudioVersion = 10.0.40219.1
Project("{FAE04EC0-301F-11D3-BF4B-00C04F79EFBC}") = "Slice", "Slice\Slice.csproj", "{ABD9316B-2739-4A8C-9E0D-89C02AA51888}"
EndProject
Project("{FAE04EC0-301F-11D3-BF4B-00C04F79EFBC}") = "SliceTest", "SliceTest\SliceTest.csproj", "{DFEA073A-959B-4539-A5D2-3070047542B4}"
EndProject
Global
	GlobalSection(SolutionConfigurationPlatforms) = preSolution
		Debug|Any CPU = Debug|Any CPU
		Release|Any CPU = Release|Any CPU
	EndGlobalSection
	GlobalSection(ProjectConfigurationPlatforms) = postSolution
		{ABD9316B-2739-4A8C-9E0D-89C02AA51888}.Debug|Any CPU.ActiveCfg = Debug|Any CPU
		{ABD9316B-2739-4A8C-9E0D-89C02AA51888}.Debug|Any CPU.Build.0 = Debug|Any CPU
		{ABD9316B-2739-4A8C-9E0D-89C02AA51888}.Release|Any CPU.ActiveCfg = Release|Any CPU
		{ABD9316B-2739-4A8C-9E0D-89C02AA51888}.Release|Any CPU.Build.0 = Release|Any CPU
		{DFEA073A-959B-4539-A5D2-3070047542B4}.Debug|Any CPU.ActiveCfg = Debug|Any CPU
		{DFEA073A-959B-4539-A5D2-3070047542B4}.Debug|Any CPU.Build.0 = Debug|Any CPU
		{DFEA073A-959B-4539-A5D2-3070047542B4}.Release|Any CPU.ActiveCfg = Release|Any CPU
		{DFEA073A-959B-4539-A5D2-3070047542B4}.Release|Any CPU.Build.0 = Release|Any CPU
	EndGlobalSection
	GlobalSection(SolutionProperties) = preSolution
		HideSolutionNode = FALSE
	EndGlobalSection
EndGlobal
